
Microsoft Visual Studio Solution File, Format Version 12.00
# Visual Studio Version 17
VisualStudioVersion = 17.0.31710.8
MinimumVisualStudioVersion = 10.0.40219.1
Project("{FAE04EC0-301F-11D3-BF4B-00C04F79EFBC}") = "Question2", "Question2\Question2.csproj", "{A38E6844-D0ED-4087-B242-1D2663273A5B}"
EndProject
Project("{FAE04EC0-301F-11D3-BF4B-00C04F79EFBC}") = "Question3", "Question3\Question3.csproj", "{F18C64D0-3193-4D6E-91BA-3785483EDD97}"
EndProject
Project("{FAE04EC0-301F-11D3-BF4B-00C04F79EFBC}") = "Question4", "Question4\Question4.csproj", "{5CBE7768-8225-4F6A-8B40-FC060AD94A0A}"
EndProject
Project("{FAE04EC0-301F-11D3-BF4B-00C04F79EFBC}") = "Question5", "Question5\Question5.csproj", "{6DEFF508-B09B-4C8A-A87F-46B1E12E9B6F}"
EndProject
Project("{FAE04EC0-301F-11D3-BF4B-00C04F79EFBC}") = "Question6", "Question6\Question6.csproj", "{65D448C9-FC1D-4CA3-B5EB-3C3835BB55D7}"
EndProject
Project("{FAE04EC0-301F-11D3-BF4B-00C04F79EFBC}") = "Question1", "Question1\Question1.csproj", "{F006B1FE-6FBB-40B9-8374-C1F9663CA0E1}"
EndProject
Global
	GlobalSection(SolutionConfigurationPlatforms) = preSolution
		Debug|Any CPU = Debug|Any CPU
		Release|Any CPU = Release|Any CPU
	EndGlobalSection
	GlobalSection(ProjectConfigurationPlatforms) = postSolution
		{A38E6844-D0ED-4087-B242-1D2663273A5B}.Debug|Any CPU.ActiveCfg = Debug|Any CPU
		{A38E6844-D0ED-4087-B242-1D2663273A5B}.Debug|Any CPU.Build.0 = Debug|Any CPU
		{A38E6844-D0ED-4087-B242-1D2663273A5B}.Release|Any CPU.ActiveCfg = Release|Any CPU
		{A38E6844-D0ED-4087-B242-1D2663273A5B}.Release|Any CPU.Build.0 = Release|Any CPU
		{F18C64D0-3193-4D6E-91BA-3785483EDD97}.Debug|Any CPU.ActiveCfg = Debug|Any CPU
		{F18C64D0-3193-4D6E-91BA-3785483EDD97}.Debug|Any CPU.Build.0 = Debug|Any CPU
		{F18C64D0-3193-4D6E-91BA-3785483EDD97}.Release|Any CPU.ActiveCfg = Release|Any CPU
		{F18C64D0-3193-4D6E-91BA-3785483EDD97}.Release|Any CPU.Build.0 = Release|Any CPU
		{5CBE7768-8225-4F6A-8B40-FC060AD94A0A}.Debug|Any CPU.ActiveCfg = Debug|Any CPU
		{5CBE7768-8225-4F6A-8B40-FC060AD94A0A}.Debug|Any CPU.Build.0 = Debug|Any CPU
		{5CBE7768-8225-4F6A-8B40-FC060AD94A0A}.Release|Any CPU.ActiveCfg = Release|Any CPU
		{5CBE7768-8225-4F6A-8B40-FC060AD94A0A}.Release|Any CPU.Build.0 = Release|Any CPU
		{6DEFF508-B09B-4C8A-A87F-46B1E12E9B6F}.Debug|Any CPU.ActiveCfg = Debug|Any CPU
		{6DEFF508-B09B-4C8A-A87F-46B1E12E9B6F}.Debug|Any CPU.Build.0 = Debug|Any CPU
		{6DEFF508-B09B-4C8A-A87F-46B1E12E9B6F}.Release|Any CPU.ActiveCfg = Release|Any CPU
		{6DEFF508-B09B-4C8A-A87F-46B1E12E9B6F}.Release|Any CPU.Build.0 = Release|Any CPU
		{65D448C9-FC1D-4CA3-B5EB-3C3835BB55D7}.Debug|Any CPU.ActiveCfg = Debug|Any CPU
		{65D448C9-FC1D-4CA3-B5EB-3C3835BB55D7}.Debug|Any CPU.Build.0 = Debug|Any CPU
		{65D448C9-FC1D-4CA3-B5EB-3C3835BB55D7}.Release|Any CPU.ActiveCfg = Release|Any CPU
		{65D448C9-FC1D-4CA3-B5EB-3C3835BB55D7}.Release|Any CPU.Build.0 = Release|Any CPU
		{F006B1FE-6FBB-40B9-8374-C1F9663CA0E1}.Debug|Any CPU.ActiveCfg = Debug|Any CPU
		{F006B1FE-6FBB-40B9-8374-C1F9663CA0E1}.Debug|Any CPU.Build.0 = Debug|Any CPU
		{F006B1FE-6FBB-40B9-8374-C1F9663CA0E1}.Release|Any CPU.ActiveCfg = Release|Any CPU
		{F006B1FE-6FBB-40B9-8374-C1F9663CA0E1}.Release|Any CPU.Build.0 = Release|Any CPU
	EndGlobalSection
	GlobalSection(SolutionProperties) = preSolution
		HideSolutionNode = FALSE
	EndGlobalSection
	GlobalSection(ExtensibilityGlobals) = postSolution
		SolutionGuid = {BDD32F6A-AC8C-40E9-A501-F2C6D16FD4D9}
	EndGlobalSection
EndGlobal
